
Microsoft Visual Studio Solution File, Format Version 12.00
# Visual Studio Version 17
VisualStudioVersion = 17.14.36511.14
MinimumVisualStudioVersion = 10.0.40219.1
Project("{FAE04EC0-301F-11D3-BF4B-00C04F79EFBC}") = "projetAtlantik", "projetAtlantik\projetAtlantik.csproj", "{72489CE5-E62E-46C5-B3D4-23E5B2CAB28B}"
EndProject
Project("{2150E333-8FDC-42A3-9474-1A3956D46DE8}") = "Éléments de solution", "Éléments de solution", "{40AB15E4-7005-4265-8293-F8A1066F2358}"
	ProjectSection(SolutionItems) = preProject
		.gitignore = .gitignore
	EndProjectSection
EndProject
Global
	GlobalSection(SolutionConfigurationPlatforms) = preSolution
		Debug|Any CPU = Debug|Any CPU
		Release|Any CPU = Release|Any CPU
	EndGlobalSection
	GlobalSection(ProjectConfigurationPlatforms) = postSolution
		{72489CE5-E62E-46C5-B3D4-23E5B2CAB28B}.Debug|Any CPU.ActiveCfg = Debug|Any CPU
		{72489CE5-E62E-46C5-B3D4-23E5B2CAB28B}.Debug|Any CPU.Build.0 = Debug|Any CPU
		{72489CE5-E62E-46C5-B3D4-23E5B2CAB28B}.Release|Any CPU.ActiveCfg = Release|Any CPU
		{72489CE5-E62E-46C5-B3D4-23E5B2CAB28B}.Release|Any CPU.Build.0 = Release|Any CPU
	EndGlobalSection
	GlobalSection(SolutionProperties) = preSolution
		HideSolutionNode = FALSE
	EndGlobalSection
	GlobalSection(ExtensibilityGlobals) = postSolution
		SolutionGuid = {513EEE28-E7F9-4122-973B-A3D534506716}
	EndGlobalSection
EndGlobal
